// !$*UTF8*$!
{
	archiveVersion = 1;
	classes = {
	};
	objectVersion = 46;
	objects = {

/* Begin PBXBuildFile section */
		852334241BFAF5CD00E6FAE1 /* main.m in Sources */ = {isa = PBXBuildFile; fileRef = 852334231BFAF5CD00E6FAE1 /* main.m */; };
		852334271BFAF5CD00E6FAE1 /* AppDelegate.m in Sources */ = {isa = PBXBuildFile; fileRef = 852334261BFAF5CD00E6FAE1 /* AppDelegate.m */; };
		8523342A1BFAF5CD00E6FAE1 /* ViewController.m in Sources */ = {isa = PBXBuildFile; fileRef = 852334291BFAF5CD00E6FAE1 /* ViewController.m */; };
		8523342D1BFAF5CD00E6FAE1 /* Main.storyboard in Resources */ = {isa = PBXBuildFile; fileRef = 8523342B1BFAF5CD00E6FAE1 /* Main.storyboard */; };
		8523342F1BFAF5CD00E6FAE1 /* Assets.xcassets in Resources */ = {isa = PBXBuildFile; fileRef = 8523342E1BFAF5CD00E6FAE1 /* Assets.xcassets */; };
		8523343D1BFAF5CD00E6FAE1 /* EShowDemoUITests.m in Sources */ = {isa = PBXBuildFile; fileRef = 8523343C1BFAF5CD00E6FAE1 /* EShowDemoUITests.m */; };
		852334611BFAFA9900E6FAE1 /* UIDevice+SysInfo.m in Sources */ = {isa = PBXBuildFile; fileRef = 852334601BFAFA9900E6FAE1 /* UIDevice+SysInfo.m */; };
		852334631BFB04B100E6FAE1 /* connecting.gif in Resources */ = {isa = PBXBuildFile; fileRef = 852334621BFB04B100E6FAE1 /* connecting.gif */; };
		852334651BFB1A1600E6FAE1 /* E.png in Resources */ = {isa = PBXBuildFile; fileRef = 852334641BFB1A1600E6FAE1 /* E.png */; };
/* End PBXBuildFile section */

/* Begin PBXContainerItemProxy section */
		852334391BFAF5CD00E6FAE1 /* PBXContainerItemProxy */ = {
			isa = PBXContainerItemProxy;
			containerPortal = 852334171BFAF5CD00E6FAE1 /* Project object */;
			proxyType = 1;
			remoteGlobalIDString = 8523341E1BFAF5CD00E6FAE1;
			remoteInfo = EShowDemo;
		};
/* End PBXContainerItemProxy section */

/* Begin PBXFileReference section */
		8523341F1BFAF5CD00E6FAE1 /* EShowDemo.app */ = {isa = PBXFileReference; explicitFileType = wrapper.application; includeInIndex = 0; path = EShowDemo.app; sourceTree = BUILT_PRODUCTS_DIR; };
		852334231BFAF5CD00E6FAE1 /* main.m */ = {isa = PBXFileReference; lastKnownFileType = sourcecode.c.objc; path = main.m; sourceTree = "<group>"; };
		852334251BFAF5CD00E6FAE1 /* AppDelegate.h */ = {isa = PBXFileReference; lastKnownFileType = sourcecode.c.h; path = AppDelegate.h; sourceTree = "<group>"; };
		852334261BFAF5CD00E6FAE1 /* AppDelegate.m */ = {isa = PBXFileReference; lastKnownFileType = sourcecode.c.objc; path = AppDelegate.m; sourceTree = "<group>"; };
		852334281BFAF5CD00E6FAE1 /* ViewController.h */ = {isa = PBXFileReference; lastKnownFileType = sourcecode.c.h; path = ViewController.h; sourceTree = "<group>"; };
		852334291BFAF5CD00E6FAE1 /* ViewController.m */ = {isa = PBXFileReference; lastKnownFileType = sourcecode.c.objc; path = ViewController.m; sourceTree = "<group>"; };
		8523342C1BFAF5CD00E6FAE1 /* Base */ = {isa = PBXFileReference; lastKnownFileType = file.storyboard; name = Base; path = Base.lproj/Main.storyboard; sourceTree = "<group>"; };
		8523342E1BFAF5CD00E6FAE1 /* Assets.xcassets */ = {isa = PBXFileReference; lastKnownFileType = folder.assetcatalog; path = Assets.xcassets; sourceTree = "<group>"; };
		852334331BFAF5CD00E6FAE1 /* Info.plist */ = {isa = PBXFileReference; lastKnownFileType = text.plist.xml; path = Info.plist; sourceTree = "<group>"; };
		852334381BFAF5CD00E6FAE1 /* EShowDemoUITests.xctest */ = {isa = PBXFileReference; explicitFileType = wrapper.cfbundle; includeInIndex = 0; path = EShowDemoUITests.xctest; sourceTree = BUILT_PRODUCTS_DIR; };
		8523343C1BFAF5CD00E6FAE1 /* EShowDemoUITests.m */ = {isa = PBXFileReference; lastKnownFileType = sourcecode.c.objc; path = EShowDemoUITests.m; sourceTree = "<group>"; };
		8523343E1BFAF5CD00E6FAE1 /* Info.plist */ = {isa = PBXFileReference; lastKnownFileType = text.plist.xml; path = Info.plist; sourceTree = "<group>"; };
		8523345F1BFAFA9900E6FAE1 /* UIDevice+SysInfo.h */ = {isa = PBXFileReference; fileEncoding = 4; lastKnownFileType = sourcecode.c.h; path = "UIDevice+SysInfo.h"; sourceTree = "<group>"; };
		852334601BFAFA9900E6FAE1 /* UIDevice+SysInfo.m */ = {isa = PBXFileReference; fileEncoding = 4; lastKnownFileType = sourcecode.c.objc; path = "UIDevice+SysInfo.m"; sourceTree = "<group>"; };
		852334621BFB04B100E6FAE1 /* connecting.gif */ = {isa = PBXFileReference; lastKnownFileType = image.gif; path = connecting.gif; sourceTree = "<group>"; };
		852334641BFB1A1600E6FAE1 /* E.png */ = {isa = PBXFileReference; lastKnownFileType = image.png; path = E.png; sourceTree = "<group>"; };
/* End PBXFileReference section */

/* Begin PBXFrameworksBuildPhase section */
		8523341C1BFAF5CD00E6FAE1 /* Frameworks */ = {
			isa = PBXFrameworksBuildPhase;
			buildActionMask = 2147483647;
			files = (
			);
			runOnlyForDeploymentPostprocessing = 0;
		};
		852334351BFAF5CD00E6FAE1 /* Frameworks */ = {
			isa = PBXFrameworksBuildPhase;
			buildActionMask = 2147483647;
			files = (
			);
			runOnlyForDeploymentPostprocessing = 0;
		};
/* End PBXFrameworksBuildPhase section */

/* Begin PBXGroup section */
		852334161BFAF5CD00E6FAE1 = {
			isa = PBXGroup;
			children = (
				852334211BFAF5CD00E6FAE1 /* EShowDemo */,
				8523343B1BFAF5CD00E6FAE1 /* EShowDemoUITests */,
				852334201BFAF5CD00E6FAE1 /* Products */,
			);
			sourceTree = "<group>";
		};
		852334201BFAF5CD00E6FAE1 /* Products */ = {
			isa = PBXGroup;
			children = (
				8523341F1BFAF5CD00E6FAE1 /* EShowDemo.app */,
				852334381BFAF5CD00E6FAE1 /* EShowDemoUITests.xctest */,
			);
			name = Products;
			sourceTree = "<group>";
		};
		852334211BFAF5CD00E6FAE1 /* EShowDemo */ = {
			isa = PBXGroup;
			children = (
				8523345F1BFAFA9900E6FAE1 /* UIDevice+SysInfo.h */,
				852334601BFAFA9900E6FAE1 /* UIDevice+SysInfo.m */,
				852334251BFAF5CD00E6FAE1 /* AppDelegate.h */,
				852334261BFAF5CD00E6FAE1 /* AppDelegate.m */,
				852334281BFAF5CD00E6FAE1 /* ViewController.h */,
				852334291BFAF5CD00E6FAE1 /* ViewController.m */,
				8523342B1BFAF5CD00E6FAE1 /* Main.storyboard */,
				8523342E1BFAF5CD00E6FAE1 /* Assets.xcassets */,
				852334331BFAF5CD00E6FAE1 /* Info.plist */,
				852334221BFAF5CD00E6FAE1 /* Supporting Files */,
			);
			path = EShowDemo;
			sourceTree = "<group>";
		};
		852334221BFAF5CD00E6FAE1 /* Supporting Files */ = {
			isa = PBXGroup;
			children = (
				852334641BFB1A1600E6FAE1 /* E.png */,
				852334621BFB04B100E6FAE1 /* connecting.gif */,
				852334231BFAF5CD00E6FAE1 /* main.m */,
			);
			name = "Supporting Files";
			sourceTree = "<group>";
		};
		8523343B1BFAF5CD00E6FAE1 /* EShowDemoUITests */ = {
			isa = PBXGroup;
			children = (
				8523343C1BFAF5CD00E6FAE1 /* EShowDemoUITests.m */,
				8523343E1BFAF5CD00E6FAE1 /* Info.plist */,
			);
			path = EShowDemoUITests;
			sourceTree = "<group>";
		};
/* End PBXGroup section */

/* Begin PBXNativeTarget section */
		8523341E1BFAF5CD00E6FAE1 /* EShowDemo */ = {
			isa = PBXNativeTarget;
			buildConfigurationList = 852334411BFAF5CD00E6FAE1 /* Build configuration list for PBXNativeTarget "EShowDemo" */;
			buildPhases = (
				8523341B1BFAF5CD00E6FAE1 /* Sources */,
				8523341C1BFAF5CD00E6FAE1 /* Frameworks */,
				8523341D1BFAF5CD00E6FAE1 /* Resources */,
			);
			buildRules = (
			);
			dependencies = (
			);
			name = EShowDemo;
			productName = EShowDemo;
			productReference = 8523341F1BFAF5CD00E6FAE1 /* EShowDemo.app */;
			productType = "com.apple.product-type.application";
		};
		852334371BFAF5CD00E6FAE1 /* EShowDemoUITests */ = {
			isa = PBXNativeTarget;
			buildConfigurationList = 852334441BFAF5CD00E6FAE1 /* Build configuration list for PBXNativeTarget "EShowDemoUITests" */;
			buildPhases = (
				852334341BFAF5CD00E6FAE1 /* Sources */,
				852334351BFAF5CD00E6FAE1 /* Frameworks */,
				852334361BFAF5CD00E6FAE1 /* Resources */,
			);
			buildRules = (
			);
			dependencies = (
				8523343A1BFAF5CD00E6FAE1 /* PBXTargetDependency */,
			);
			name = EShowDemoUITests;
			productName = EShowDemoUITests;
			productReference = 852334381BFAF5CD00E6FAE1 /* EShowDemoUITests.xctest */;
			productType = "com.apple.product-type.bundle.ui-testing";
		};
/* End PBXNativeTarget section */

/* Begin PBXProject section */
		852334171BFAF5CD00E6FAE1 /* Project object */ = {
			isa = PBXProject;
			attributes = {
				LastUpgradeCheck = 0710;
				ORGANIZATIONNAME = redye;
				TargetAttributes = {
					8523341E1BFAF5CD00E6FAE1 = {
						CreatedOnToolsVersion = 7.1;
					};
					852334371BFAF5CD00E6FAE1 = {
						CreatedOnToolsVersion = 7.1;
						TestTargetID = 8523341E1BFAF5CD00E6FAE1;
					};
				};
			};
			buildConfigurationList = 8523341A1BFAF5CD00E6FAE1 /* Build configuration list for PBXProject "EShowDemo" */;
			compatibilityVersion = "Xcode 3.2";
			developmentRegion = English;
			hasScannedForEncodings = 0;
			knownRegions = (
				en,
				Base,
			);
			mainGroup = 852334161BFAF5CD00E6FAE1;
			productRefGroup = 852334201BFAF5CD00E6FAE1 /* Products */;
			projectDirPath = "";
			projectRoot = "";
			targets = (
				8523341E1BFAF5CD00E6FAE1 /* EShowDemo */,
				852334371BFAF5CD00E6FAE1 /* EShowDemoUITests */,
			);
		};
/* End PBXProject section */

/* Begin PBXResourcesBuildPhase section */
		8523341D1BFAF5CD00E6FAE1 /* Resources */ = {
			isa = PBXResourcesBuildPhase;
			buildActionMask = 2147483647;
			files = (
				8523342F1BFAF5CD00E6FAE1 /* Assets.xcassets in Resources */,
				8523342D1BFAF5CD00E6FAE1 /* Main.storyboard in Resources */,
				852334631BFB04B100E6FAE1 /* connecting.gif in Resources */,
				852334651BFB1A1600E6FAE1 /* E.png in Resources */,
			);
			runOnlyForDeploymentPostprocessing = 0;
		};
		852334361BFAF5CD00E6FAE1 /* Resources */ = {
			isa = PBXResourcesBuildPhase;
			buildActionMask = 2147483647;
			files = (
			);
			runOnlyForDeploymentPostprocessing = 0;
		};
/* End PBXResourcesBuildPhase section */

/* Begin PBXSourcesBuildPhase section */
		8523341B1BFAF5CD00E6FAE1 /* Sources */ = {
			isa = PBXSourcesBuildPhase;
			buildActionMask = 2147483647;
			files = (
				8523342A1BFAF5CD00E6FAE1 /* ViewController.m in Sources */,
				852334611BFAFA9900E6FAE1 /* UIDevice+SysInfo.m in Sources */,
				852334271BFAF5CD00E6FAE1 /* AppDelegate.m in Sources */,
				852334241BFAF5CD00E6FAE1 /* main.m in Sources */,
			);
			runOnlyForDeploymentPostprocessing = 0;
		};
		852334341BFAF5CD00E6FAE1 /* Sources */ = {
			isa = PBXSourcesBuildPhase;
			buildActionMask = 2147483647;
			files = (
				8523343D1BFAF5CD00E6FAE1 /* EShowDemoUITests.m in Sources */,
			);
			runOnlyForDeploymentPostprocessing = 0;
		};
/* End PBXSourcesBuildPhase section */

/* Begin PBXTargetDependency section */
		8523343A1BFAF5CD00E6FAE1 /* PBXTargetDependency */ = {
			isa = PBXTargetDependency;
			target = 8523341E1BFAF5CD00E6FAE1 /* EShowDemo */;
			targetProxy = 852334391BFAF5CD00E6FAE1 /* PBXContainerItemProxy */;
		};
/* End PBXTargetDependency section */

/* Begin PBXVariantGroup section */
		8523342B1BFAF5CD00E6FAE1 /* Main.storyboard */ = {
			isa = PBXVariantGroup;
			children = (
				8523342C1BFAF5CD00E6FAE1 /* Base */,
			);
			name = Main.storyboard;
			sourceTree = "<group>";
		};
/* End PBXVariantGroup section */

/* Begin XCBuildConfiguration section */
		8523343F1BFAF5CD00E6FAE1 /* Debug */ = {
			isa = XCBuildConfiguration;
			buildSettings = {
				ALWAYS_SEARCH_USER_PATHS = NO;
				CLANG_CXX_LANGUAGE_STANDARD = "gnu++0x";
				CLANG_CXX_LIBRARY = "libc++";
				CLANG_ENABLE_MODULES = YES;
				CLANG_ENABLE_OBJC_ARC = YES;
				CLANG_WARN_BOOL_CONVERSION = YES;
				CLANG_WARN_CONSTANT_CONVERSION = YES;
				CLANG_WARN_DIRECT_OBJC_ISA_USAGE = YES_ERROR;
				CLANG_WARN_EMPTY_BODY = YES;
				CLANG_WARN_ENUM_CONVERSION = YES;
				CLANG_WARN_INT_CONVERSION = YES;
				CLANG_WARN_OBJC_ROOT_CLASS = YES_ERROR;
				CLANG_WARN_UNREACHABLE_CODE = YES;
				CLANG_WARN__DUPLICATE_METHOD_MATCH = YES;
				"CODE_SIGN_IDENTITY[sdk=iphoneos*]" = "iPhone Developer";
				COPY_PHASE_STRIP = NO;
				DEBUG_INFORMATION_FORMAT = dwarf;
				ENABLE_STRICT_OBJC_MSGSEND = YES;
				ENABLE_TESTABILITY = YES;
				GCC_C_LANGUAGE_STANDARD = gnu99;
				GCC_DYNAMIC_NO_PIC = NO;
				GCC_NO_COMMON_BLOCKS = YES;
				GCC_OPTIMIZATION_LEVEL = 0;
				GCC_PREPROCESSOR_DEFINITIONS = (
					"DEBUG=1",
					"$(inherited)",
				);
				GCC_WARN_64_TO_32_BIT_CONVERSION = YES;
				GCC_WARN_ABOUT_RETURN_TYPE = YES_ERROR;
				GCC_WARN_UNDECLARED_SELECTOR = YES;
				GCC_WARN_UNINITIALIZED_AUTOS = YES_AGGRESSIVE;
				GCC_WARN_UNUSED_FUNCTION = YES;
				GCC_WARN_UNUSED_VARIABLE = YES;
				IPHONEOS_DEPLOYMENT_TARGET = 9.1;
				MTL_ENABLE_DEBUG_INFO = YES;
				ONLY_ACTIVE_ARCH = YES;
				SDKROOT = iphoneos;
			};
			name = Debug;
		};
		852334401BFAF5CD00E6FAE1 /* Release */ = {
			isa = XCBuildConfiguration;
			buildSettings = {
				ALWAYS_SEARCH_USER_PATHS = NO;
				CLANG_CXX_LANGUAGE_STANDARD = "gnu++0x";
				CLANG_CXX_LIBRARY = "libc++";
				CLANG_ENABLE_MODULES = YES;
				CLANG_ENABLE_OBJC_ARC = YES;
				CLANG_WARN_BOOL_CONVERSION = YES;
				CLANG_WARN_CONSTANT_CONVERSION = YES;
				CLANG_WARN_DIRECT_OBJC_ISA_USAGE = YES_ERROR;
				CLANG_WARN_EMPTY_BODY = YES;
				CLANG_WARN_ENUM_CONVERSION = YES;
				CLANG_WARN_INT_CONVERSION = YES;
				CLANG_WARN_OBJC_ROOT_CLASS = YES_ERROR;
				CLANG_WARN_UNREACHABLE_CODE = YES;
				CLANG_WARN__DUPLICATE_METHOD_MATCH = YES;
				"CODE_SIGN_IDENTITY[sdk=iphoneos*]" = "iPhone Developer";
				COPY_PHASE_STRIP = NO;
				DEBUG_INFORMATION_FORMAT = "dwarf-with-dsym";
				ENABLE_NS_ASSERTIONS = NO;
				ENABLE_STRICT_OBJC_MSGSEND = YES;
				GCC_C_LANGUAGE_STANDARD = gnu99;
				GCC_NO_COMMON_BLOCKS = YES;
				GCC_WARN_64_TO_32_BIT_CONVERSION = YES;
				GCC_WARN_ABOUT_RETURN_TYPE = YES_ERROR;
				GCC_WARN_UNDECLARED_SELECTOR = YES;
				GCC_WARN_UNINITIALIZED_AUTOS = YES_AGGRESSIVE;
				GCC_WARN_UNUSED_FUNCTION = YES;
				GCC_WARN_UNUSED_VARIABLE = YES;
				IPHONEOS_DEPLOYMENT_TARGET = 9.1;
				MTL_ENABLE_DEBUG_INFO = NO;
				SDKROOT = iphoneos;
				VALIDATE_PRODUCT = YES;
			};
			name = Release;
		};
		852334421BFAF5CD00E6FAE1 /* Debug */ = {
			isa = XCBuildConfiguration;
			buildSettings = {
				ASSETCATALOG_COMPILER_APPICON_NAME = AppIcon;
				INFOPLIST_FILE = EShowDemo/Info.plist;
				IPHONEOS_DEPLOYMENT_TARGET = 6.0;
				LD_RUNPATH_SEARCH_PATHS = "$(inherited) @executable_path/Frameworks";
				PRODUCT_BUNDLE_IDENTIFIER = "com.macally-tech.EShowDemo";
				PRODUCT_NAME = "$(TARGET_NAME)";
				TARGETED_DEVICE_FAMILY = "1,2";
			};
			name = Debug;
		};
		852334431BFAF5CD00E6FAE1 /* Release */ = {
			isa = XCBuildConfiguration;
			buildSettings = {
				ASSETCATALOG_COMPILER_APPICON_NAME = AppIcon;
				INFOPLIST_FILE = EShowDemo/Info.plist;
				IPHONEOS_DEPLOYMENT_TARGET = 6.0;
				LD_RUNPATH_SEARCH_PATHS = "$(inherited) @executable_path/Frameworks";
				PRODUCT_BUNDLE_IDENTIFIER = "com.macally-tech.EShowDemo";
				PRODUCT_NAME = "$(TARGET_NAME)";
				TARGETED_DEVICE_FAMILY = "1,2";
			};
			name = Release;
		};
		852334451BFAF5CD00E6FAE1 /* Debug */ = {
			isa = XCBuildConfiguration;
			buildSettings = {
				INFOPLIST_FILE = EShowDemoUITests/Info.plist;
				LD_RUNPATH_SEARCH_PATHS = "$(inherited) @executable_path/Frameworks @loader_path/Frameworks";
				PRODUCT_BUNDLE_IDENTIFIER = "com.macally-tech.EShowDemoUITests";
				PRODUCT_NAME = "$(TARGET_NAME)";
				TEST_TARGET_NAME = EShowDemo;
				USES_XCTRUNNER = YES;
			};
			name = Debug;
		};
		852334461BFAF5CD00E6FAE1 /* Release */ = {
			isa = XCBuildConfiguration;
			buildSettings = {
				INFOPLIST_FILE = EShowDemoUITests/Info.plist;
				LD_RUNPATH_SEARCH_PATHS = "$(inherited) @executable_path/Frameworks @loader_path/Frameworks";
				PRODUCT_BUNDLE_IDENTIFIER = "com.macally-tech.EShowDemoUITests";
				PRODUCT_NAME = "$(TARGET_NAME)";
				TEST_TARGET_NAME = EShowDemo;
				USES_XCTRUNNER = YES;
			};
			name = Release;
		};
/* End XCBuildConfiguration section */

/* Begin XCConfigurationList section */
		8523341A1BFAF5CD00E6FAE1 /* Build configuration list for PBXProject "EShowDemo" */ = {
			isa = XCConfigurationList;
			buildConfigurations = (
				8523343F1BFAF5CD00E6FAE1 /* Debug */,
				852334401BFAF5CD00E6FAE1 /* Release */,
			);
			defaultConfigurationIsVisible = 0;
			defaultConfigurationName = Release;
		};
		852334411BFAF5CD00E6FAE1 /* Build configuration list for PBXNativeTarget "EShowDemo" */ = {
			isa = XCConfigurationList;
			buildConfigurations = (
				852334421BFAF5CD00E6FAE1 /* Debug */,
				852334431BFAF5CD00E6FAE1 /* Release */,
			);
			defaultConfigurationIsVisible = 0;
			defaultConfigurationName = Release;
		};
		852334441BFAF5CD00E6FAE1 /* Build configuration list for PBXNativeTarget "EShowDemoUITests" */ = {
			isa = XCConfigurationList;
			buildConfigurations = (
				852334451BFAF5CD00E6FAE1 /* Debug */,
				852334461BFAF5CD00E6FAE1 /* Release */,
			);
			defaultConfigurationIsVisible = 0;
			defaultConfigurationName = Release;
		};
/* End XCConfigurationList section */
	};
	rootObject = 852334171BFAF5CD00E6FAE1 /* Project object */;
}
