// !$*UTF8*$!
{
	archiveVersion = 1;
	classes = {
	};
	objectVersion = 46;
	objects = {

/* Begin PBXBuildFile section */
		85212B751DF80F700029E830 /* StickerPackExtension.appex in Embed App Extensions */ = {isa = PBXBuildFile; fileRef = 85212B741DF80F700029E830 /* StickerPackExtension.appex */; settings = {ATTRIBUTES = (RemoveHeadersOnCopy, ); }; };
		85212B791DF80F700029E830 /* Stickers.xcstickers in Resources */ = {isa = PBXBuildFile; fileRef = 85212B781DF80F700029E830 /* Stickers.xcstickers */; };
		85212B7A1DF80F700029E830 /* Stickers.xcstickers in Resources */ = {isa = PBXBuildFile; fileRef = 85212B781DF80F700029E830 /* Stickers.xcstickers */; };
/* End PBXBuildFile section */

/* Begin PBXContainerItemProxy section */
		85212B761DF80F700029E830 /* PBXContainerItemProxy */ = {
			isa = PBXContainerItemProxy;
			containerPortal = 85212B6A1DF80F700029E830 /* Project object */;
			proxyType = 1;
			remoteGlobalIDString = 85212B731DF80F700029E830;
			remoteInfo = StickerPackExtension;
		};
/* End PBXContainerItemProxy section */

/* Begin PBXCopyFilesBuildPhase section */
		85212B801DF80F700029E830 /* Embed App Extensions */ = {
			isa = PBXCopyFilesBuildPhase;
			buildActionMask = 2147483647;
			dstPath = "";
			dstSubfolderSpec = 13;
			files = (
				85212B751DF80F700029E830 /* StickerPackExtension.appex in Embed App Extensions */,
			);
			name = "Embed App Extensions";
			runOnlyForDeploymentPostprocessing = 0;
		};
/* End PBXCopyFilesBuildPhase section */

/* Begin PBXFileReference section */
		85212B701DF80F700029E830 /* StickyMonkey.app */ = {isa = PBXFileReference; explicitFileType = wrapper.application; includeInIndex = 0; path = StickyMonkey.app; sourceTree = BUILT_PRODUCTS_DIR; };
		85212B741DF80F700029E830 /* StickerPackExtension.appex */ = {isa = PBXFileReference; explicitFileType = "wrapper.app-extension"; includeInIndex = 0; path = StickerPackExtension.appex; sourceTree = BUILT_PRODUCTS_DIR; };
		85212B781DF80F700029E830 /* Stickers.xcstickers */ = {isa = PBXFileReference; lastKnownFileType = folder.stickers; name = Stickers.xcstickers; path = StickerPackExtension/Stickers.xcstickers; sourceTree = "<group>"; };
/* End PBXFileReference section */

/* Begin PBXGroup section */
		85212B691DF80F700029E830 = {
			isa = PBXGroup;
			children = (
				85212B781DF80F700029E830 /* Stickers.xcstickers */,
				85212B711DF80F700029E830 /* Products */,
			);
			sourceTree = "<group>";
		};
		85212B711DF80F700029E830 /* Products */ = {
			isa = PBXGroup;
			children = (
				85212B701DF80F700029E830 /* StickyMonkey.app */,
				85212B741DF80F700029E830 /* StickerPackExtension.appex */,
			);
			name = Products;
			sourceTree = "<group>";
		};
/* End PBXGroup section */

/* Begin PBXNativeTarget section */
		85212B6F1DF80F700029E830 /* StickyMonkey */ = {
			isa = PBXNativeTarget;
			buildConfigurationList = 85212B811DF80F700029E830 /* Build configuration list for PBXNativeTarget "StickyMonkey" */;
			buildPhases = (
				85212B6E1DF80F700029E830 /* Resources */,
				85212B801DF80F700029E830 /* Embed App Extensions */,
			);
			buildRules = (
			);
			dependencies = (
				85212B771DF80F700029E830 /* PBXTargetDependency */,
			);
			name = StickyMonkey;
			productName = StickyMonkey;
			productReference = 85212B701DF80F700029E830 /* StickyMonkey.app */;
			productType = "com.apple.product-type.application.messages";
		};
		85212B731DF80F700029E830 /* StickerPackExtension */ = {
			isa = PBXNativeTarget;
			buildConfigurationList = 85212B7D1DF80F700029E830 /* Build configuration list for PBXNativeTarget "StickerPackExtension" */;
			buildPhases = (
				85212B721DF80F700029E830 /* Resources */,
			);
			buildRules = (
			);
			dependencies = (
			);
			name = StickerPackExtension;
			productName = StickerPackExtension;
			productReference = 85212B741DF80F700029E830 /* StickerPackExtension.appex */;
			productType = "com.apple.product-type.app-extension.messages-sticker-pack";
		};
/* End PBXNativeTarget section */

/* Begin PBXProject section */
		85212B6A1DF80F700029E830 /* Project object */ = {
			isa = PBXProject;
			attributes = {
				LastUpgradeCheck = 0810;
				ORGANIZATIONNAME = redye;
				TargetAttributes = {
					85212B6F1DF80F700029E830 = {
						CreatedOnToolsVersion = 8.1;
						DevelopmentTeam = 58A2U6L78Y;
						ProvisioningStyle = Automatic;
					};
					85212B731DF80F700029E830 = {
						CreatedOnToolsVersion = 8.1;
						DevelopmentTeam = 58A2U6L78Y;
						ProvisioningStyle = Automatic;
					};
				};
			};
			buildConfigurationList = 85212B6D1DF80F700029E830 /* Build configuration list for PBXProject "StickyMonkey" */;
			compatibilityVersion = "Xcode 3.2";
			developmentRegion = English;
			hasScannedForEncodings = 0;
			knownRegions = (
				en,
			);
			mainGroup = 85212B691DF80F700029E830;
			productRefGroup = 85212B711DF80F700029E830 /* Products */;
			projectDirPath = "";
			projectRoot = "";
			targets = (
				85212B6F1DF80F700029E830 /* StickyMonkey */,
				85212B731DF80F700029E830 /* StickerPackExtension */,
			);
		};
/* End PBXProject section */

/* Begin PBXResourcesBuildPhase section */
		85212B6E1DF80F700029E830 /* Resources */ = {
			isa = PBXResourcesBuildPhase;
			buildActionMask = 2147483647;
			files = (
				85212B7A1DF80F700029E830 /* Stickers.xcstickers in Resources */,
			);
			runOnlyForDeploymentPostprocessing = 0;
		};
		85212B721DF80F700029E830 /* Resources */ = {
			isa = PBXResourcesBuildPhase;
			buildActionMask = 2147483647;
			files = (
				85212B791DF80F700029E830 /* Stickers.xcstickers in Resources */,
			);
			runOnlyForDeploymentPostprocessing = 0;
		};
/* End PBXResourcesBuildPhase section */

/* Begin PBXTargetDependency section */
		85212B771DF80F700029E830 /* PBXTargetDependency */ = {
			isa = PBXTargetDependency;
			target = 85212B731DF80F700029E830 /* StickerPackExtension */;
			targetProxy = 85212B761DF80F700029E830 /* PBXContainerItemProxy */;
		};
/* End PBXTargetDependency section */

/* Begin XCBuildConfiguration section */
		85212B7B1DF80F700029E830 /* Debug */ = {
			isa = XCBuildConfiguration;
			buildSettings = {
				ALWAYS_SEARCH_USER_PATHS = NO;
				CLANG_ANALYZER_NONNULL = YES;
				CLANG_CXX_LANGUAGE_STANDARD = "gnu++0x";
				CLANG_CXX_LIBRARY = "libc++";
				CLANG_ENABLE_MODULES = YES;
				CLANG_ENABLE_OBJC_ARC = YES;
				CLANG_WARN_BOOL_CONVERSION = YES;
				CLANG_WARN_CONSTANT_CONVERSION = YES;
				CLANG_WARN_DIRECT_OBJC_ISA_USAGE = YES_ERROR;
				CLANG_WARN_DOCUMENTATION_COMMENTS = YES;
				CLANG_WARN_EMPTY_BODY = YES;
				CLANG_WARN_ENUM_CONVERSION = YES;
				CLANG_WARN_INFINITE_RECURSION = YES;
				CLANG_WARN_INT_CONVERSION = YES;
				CLANG_WARN_OBJC_ROOT_CLASS = YES_ERROR;
				CLANG_WARN_SUSPICIOUS_MOVES = YES;
				CLANG_WARN_UNREACHABLE_CODE = YES;
				CLANG_WARN__DUPLICATE_METHOD_MATCH = YES;
				"CODE_SIGN_IDENTITY[sdk=iphoneos*]" = "iPhone Developer";
				COPY_PHASE_STRIP = NO;
				DEBUG_INFORMATION_FORMAT = dwarf;
				ENABLE_STRICT_OBJC_MSGSEND = YES;
				ENABLE_TESTABILITY = YES;
				GCC_C_LANGUAGE_STANDARD = gnu99;
				GCC_DYNAMIC_NO_PIC = NO;
				GCC_NO_COMMON_BLOCKS = YES;
				GCC_OPTIMIZATION_LEVEL = 0;
				GCC_PREPROCESSOR_DEFINITIONS = (
					"DEBUG=1",
					"$(inherited)",
				);
				GCC_WARN_64_TO_32_BIT_CONVERSION = YES;
				GCC_WARN_ABOUT_RETURN_TYPE = YES_ERROR;
				GCC_WARN_UNDECLARED_SELECTOR = YES;
				GCC_WARN_UNINITIALIZED_AUTOS = YES_AGGRESSIVE;
				GCC_WARN_UNUSED_FUNCTION = YES;
				GCC_WARN_UNUSED_VARIABLE = YES;
				IPHONEOS_DEPLOYMENT_TARGET = 10.1;
				MTL_ENABLE_DEBUG_INFO = YES;
				ONLY_ACTIVE_ARCH = YES;
				SDKROOT = iphoneos;
				TARGETED_DEVICE_FAMILY = "1,2";
			};
			name = Debug;
		};
		85212B7C1DF80F700029E830 /* Release */ = {
			isa = XCBuildConfiguration;
			buildSettings = {
				ALWAYS_SEARCH_USER_PATHS = NO;
				CLANG_ANALYZER_NONNULL = YES;
				CLANG_CXX_LANGUAGE_STANDARD = "gnu++0x";
				CLANG_CXX_LIBRARY = "libc++";
				CLANG_ENABLE_MODULES = YES;
				CLANG_ENABLE_OBJC_ARC = YES;
				CLANG_WARN_BOOL_CONVERSION = YES;
				CLANG_WARN_CONSTANT_CONVERSION = YES;
				CLANG_WARN_DIRECT_OBJC_ISA_USAGE = YES_ERROR;
				CLANG_WARN_DOCUMENTATION_COMMENTS = YES;
				CLANG_WARN_EMPTY_BODY = YES;
				CLANG_WARN_ENUM_CONVERSION = YES;
				CLANG_WARN_INFINITE_RECURSION = YES;
				CLANG_WARN_INT_CONVERSION = YES;
				CLANG_WARN_OBJC_ROOT_CLASS = YES_ERROR;
				CLANG_WARN_SUSPICIOUS_MOVES = YES;
				CLANG_WARN_UNREACHABLE_CODE = YES;
				CLANG_WARN__DUPLICATE_METHOD_MATCH = YES;
				"CODE_SIGN_IDENTITY[sdk=iphoneos*]" = "iPhone Developer";
				COPY_PHASE_STRIP = NO;
				DEBUG_INFORMATION_FORMAT = "dwarf-with-dsym";
				ENABLE_NS_ASSERTIONS = NO;
				ENABLE_STRICT_OBJC_MSGSEND = YES;
				GCC_C_LANGUAGE_STANDARD = gnu99;
				GCC_NO_COMMON_BLOCKS = YES;
				GCC_WARN_64_TO_32_BIT_CONVERSION = YES;
				GCC_WARN_ABOUT_RETURN_TYPE = YES_ERROR;
				GCC_WARN_UNDECLARED_SELECTOR = YES;
				GCC_WARN_UNINITIALIZED_AUTOS = YES_AGGRESSIVE;
				GCC_WARN_UNUSED_FUNCTION = YES;
				GCC_WARN_UNUSED_VARIABLE = YES;
				IPHONEOS_DEPLOYMENT_TARGET = 10.1;
				MTL_ENABLE_DEBUG_INFO = NO;
				SDKROOT = iphoneos;
				TARGETED_DEVICE_FAMILY = "1,2";
				VALIDATE_PRODUCT = YES;
			};
			name = Release;
		};
		85212B7E1DF80F700029E830 /* Debug */ = {
			isa = XCBuildConfiguration;
			buildSettings = {
				ASSETCATALOG_COMPILER_APPICON_NAME = "iMessage App Icon";
				DEVELOPMENT_TEAM = 58A2U6L78Y;
				INFOPLIST_FILE = StickerPackExtension/Info.plist;
				PRODUCT_BUNDLE_IDENTIFIER = com.redye.StickyMonkey.StickerPackExtension;
				PRODUCT_NAME = "$(TARGET_NAME)";
				SKIP_INSTALL = YES;
			};
			name = Debug;
		};
		85212B7F1DF80F700029E830 /* Release */ = {
			isa = XCBuildConfiguration;
			buildSettings = {
				ASSETCATALOG_COMPILER_APPICON_NAME = "iMessage App Icon";
				DEVELOPMENT_TEAM = 58A2U6L78Y;
				INFOPLIST_FILE = StickerPackExtension/Info.plist;
				PRODUCT_BUNDLE_IDENTIFIER = com.redye.StickyMonkey.StickerPackExtension;
				PRODUCT_NAME = "$(TARGET_NAME)";
				SKIP_INSTALL = YES;
			};
			name = Release;
		};
		85212B821DF80F700029E830 /* Debug */ = {
			isa = XCBuildConfiguration;
			buildSettings = {
				ASSETCATALOG_COMPILER_APPICON_NAME = "iMessage App Icon";
				DEVELOPMENT_TEAM = 58A2U6L78Y;
				INFOPLIST_FILE = StickyMonkey/Info.plist;
				PRODUCT_BUNDLE_IDENTIFIER = com.redye.StickyMonkey;
				PRODUCT_NAME = "$(TARGET_NAME)";
			};
			name = Debug;
		};
		85212B831DF80F700029E830 /* Release */ = {
			isa = XCBuildConfiguration;
			buildSettings = {
				ASSETCATALOG_COMPILER_APPICON_NAME = "iMessage App Icon";
				DEVELOPMENT_TEAM = 58A2U6L78Y;
				INFOPLIST_FILE = StickyMonkey/Info.plist;
				PRODUCT_BUNDLE_IDENTIFIER = com.redye.StickyMonkey;
				PRODUCT_NAME = "$(TARGET_NAME)";
			};
			name = Release;
		};
/* End XCBuildConfiguration section */

/* Begin XCConfigurationList section */
		85212B6D1DF80F700029E830 /* Build configuration list for PBXProject "StickyMonkey" */ = {
			isa = XCConfigurationList;
			buildConfigurations = (
				85212B7B1DF80F700029E830 /* Debug */,
				85212B7C1DF80F700029E830 /* Release */,
			);
			defaultConfigurationIsVisible = 0;
			defaultConfigurationName = Release;
		};
		85212B7D1DF80F700029E830 /* Build configuration list for PBXNativeTarget "StickerPackExtension" */ = {
			isa = XCConfigurationList;
			buildConfigurations = (
				85212B7E1DF80F700029E830 /* Debug */,
				85212B7F1DF80F700029E830 /* Release */,
			);
			defaultConfigurationIsVisible = 0;
		};
		85212B811DF80F700029E830 /* Build configuration list for PBXNativeTarget "StickyMonkey" */ = {
			isa = XCConfigurationList;
			buildConfigurations = (
				85212B821DF80F700029E830 /* Debug */,
				85212B831DF80F700029E830 /* Release */,
			);
			defaultConfigurationIsVisible = 0;
		};
/* End XCConfigurationList section */
	};
	rootObject = 85212B6A1DF80F700029E830 /* Project object */;
}
