// !$*UTF8*$!
{
	archiveVersion = 1;
	classes = {
	};
	objectVersion = 46;
	objects = {

/* Begin PBXBuildFile section */
		850E1D471C20644E002810E3 /* placeholder@2x.png in Resources */ = {isa = PBXBuildFile; fileRef = 850E1D461C20644E002810E3 /* placeholder@2x.png */; };
		851CB5991C1FF42D00E6C5A4 /* main.m in Sources */ = {isa = PBXBuildFile; fileRef = 851CB5981C1FF42D00E6C5A4 /* main.m */; };
		851CB59C1C1FF42D00E6C5A4 /* AppDelegate.m in Sources */ = {isa = PBXBuildFile; fileRef = 851CB59B1C1FF42D00E6C5A4 /* AppDelegate.m */; };
		851CB5A21C1FF42D00E6C5A4 /* Main.storyboard in Resources */ = {isa = PBXBuildFile; fileRef = 851CB5A01C1FF42D00E6C5A4 /* Main.storyboard */; };
		851CB5A41C1FF42D00E6C5A4 /* Assets.xcassets in Resources */ = {isa = PBXBuildFile; fileRef = 851CB5A31C1FF42D00E6C5A4 /* Assets.xcassets */; };
		851CB5A71C1FF42D00E6C5A4 /* LaunchScreen.storyboard in Resources */ = {isa = PBXBuildFile; fileRef = 851CB5A51C1FF42D00E6C5A4 /* LaunchScreen.storyboard */; };
		851CB5B01C1FF44C00E6C5A4 /* TableViewController.m in Sources */ = {isa = PBXBuildFile; fileRef = 851CB5AF1C1FF44C00E6C5A4 /* TableViewController.m */; };
		851CB5B41C1FF5CA00E6C5A4 /* TableViewCell.m in Sources */ = {isa = PBXBuildFile; fileRef = 851CB5B21C1FF5CA00E6C5A4 /* TableViewCell.m */; };
		851CB5B51C1FF5CA00E6C5A4 /* TableViewCell.xib in Resources */ = {isa = PBXBuildFile; fileRef = 851CB5B31C1FF5CA00E6C5A4 /* TableViewCell.xib */; };
/* End PBXBuildFile section */

/* Begin PBXFileReference section */
		850E1D461C20644E002810E3 /* placeholder@2x.png */ = {isa = PBXFileReference; lastKnownFileType = image.png; path = "placeholder@2x.png"; sourceTree = "<group>"; };
		851CB5941C1FF42D00E6C5A4 /* TableMove.app */ = {isa = PBXFileReference; explicitFileType = wrapper.application; includeInIndex = 0; path = TableMove.app; sourceTree = BUILT_PRODUCTS_DIR; };
		851CB5981C1FF42D00E6C5A4 /* main.m */ = {isa = PBXFileReference; lastKnownFileType = sourcecode.c.objc; path = main.m; sourceTree = "<group>"; };
		851CB59A1C1FF42D00E6C5A4 /* AppDelegate.h */ = {isa = PBXFileReference; lastKnownFileType = sourcecode.c.h; path = AppDelegate.h; sourceTree = "<group>"; };
		851CB59B1C1FF42D00E6C5A4 /* AppDelegate.m */ = {isa = PBXFileReference; lastKnownFileType = sourcecode.c.objc; path = AppDelegate.m; sourceTree = "<group>"; };
		851CB5A11C1FF42D00E6C5A4 /* Base */ = {isa = PBXFileReference; lastKnownFileType = file.storyboard; name = Base; path = Base.lproj/Main.storyboard; sourceTree = "<group>"; };
		851CB5A31C1FF42D00E6C5A4 /* Assets.xcassets */ = {isa = PBXFileReference; lastKnownFileType = folder.assetcatalog; path = Assets.xcassets; sourceTree = "<group>"; };
		851CB5A61C1FF42D00E6C5A4 /* Base */ = {isa = PBXFileReference; lastKnownFileType = file.storyboard; name = Base; path = Base.lproj/LaunchScreen.storyboard; sourceTree = "<group>"; };
		851CB5A81C1FF42D00E6C5A4 /* Info.plist */ = {isa = PBXFileReference; lastKnownFileType = text.plist.xml; path = Info.plist; sourceTree = "<group>"; };
		851CB5AE1C1FF44C00E6C5A4 /* TableViewController.h */ = {isa = PBXFileReference; fileEncoding = 4; lastKnownFileType = sourcecode.c.h; path = TableViewController.h; sourceTree = "<group>"; };
		851CB5AF1C1FF44C00E6C5A4 /* TableViewController.m */ = {isa = PBXFileReference; fileEncoding = 4; lastKnownFileType = sourcecode.c.objc; path = TableViewController.m; sourceTree = "<group>"; };
		851CB5B11C1FF5CA00E6C5A4 /* TableViewCell.h */ = {isa = PBXFileReference; fileEncoding = 4; lastKnownFileType = sourcecode.c.h; path = TableViewCell.h; sourceTree = "<group>"; };
		851CB5B21C1FF5CA00E6C5A4 /* TableViewCell.m */ = {isa = PBXFileReference; fileEncoding = 4; lastKnownFileType = sourcecode.c.objc; path = TableViewCell.m; sourceTree = "<group>"; };
		851CB5B31C1FF5CA00E6C5A4 /* TableViewCell.xib */ = {isa = PBXFileReference; fileEncoding = 4; lastKnownFileType = file.xib; path = TableViewCell.xib; sourceTree = "<group>"; };
/* End PBXFileReference section */

/* Begin PBXFrameworksBuildPhase section */
		851CB5911C1FF42D00E6C5A4 /* Frameworks */ = {
			isa = PBXFrameworksBuildPhase;
			buildActionMask = 2147483647;
			files = (
			);
			runOnlyForDeploymentPostprocessing = 0;
		};
/* End PBXFrameworksBuildPhase section */

/* Begin PBXGroup section */
		851CB58B1C1FF42D00E6C5A4 = {
			isa = PBXGroup;
			children = (
				851CB5961C1FF42D00E6C5A4 /* TableMove */,
				851CB5951C1FF42D00E6C5A4 /* Products */,
			);
			sourceTree = "<group>";
		};
		851CB5951C1FF42D00E6C5A4 /* Products */ = {
			isa = PBXGroup;
			children = (
				851CB5941C1FF42D00E6C5A4 /* TableMove.app */,
			);
			name = Products;
			sourceTree = "<group>";
		};
		851CB5961C1FF42D00E6C5A4 /* TableMove */ = {
			isa = PBXGroup;
			children = (
				851CB59A1C1FF42D00E6C5A4 /* AppDelegate.h */,
				851CB59B1C1FF42D00E6C5A4 /* AppDelegate.m */,
				851CB5AE1C1FF44C00E6C5A4 /* TableViewController.h */,
				851CB5AF1C1FF44C00E6C5A4 /* TableViewController.m */,
				851CB5B11C1FF5CA00E6C5A4 /* TableViewCell.h */,
				851CB5B21C1FF5CA00E6C5A4 /* TableViewCell.m */,
				851CB5B31C1FF5CA00E6C5A4 /* TableViewCell.xib */,
				851CB5A01C1FF42D00E6C5A4 /* Main.storyboard */,
				851CB5A31C1FF42D00E6C5A4 /* Assets.xcassets */,
				851CB5A51C1FF42D00E6C5A4 /* LaunchScreen.storyboard */,
				851CB5A81C1FF42D00E6C5A4 /* Info.plist */,
				851CB5971C1FF42D00E6C5A4 /* Supporting Files */,
			);
			path = TableMove;
			sourceTree = "<group>";
		};
		851CB5971C1FF42D00E6C5A4 /* Supporting Files */ = {
			isa = PBXGroup;
			children = (
				850E1D461C20644E002810E3 /* placeholder@2x.png */,
				851CB5981C1FF42D00E6C5A4 /* main.m */,
			);
			name = "Supporting Files";
			sourceTree = "<group>";
		};
/* End PBXGroup section */

/* Begin PBXNativeTarget section */
		851CB5931C1FF42D00E6C5A4 /* TableMove */ = {
			isa = PBXNativeTarget;
			buildConfigurationList = 851CB5AB1C1FF42D00E6C5A4 /* Build configuration list for PBXNativeTarget "TableMove" */;
			buildPhases = (
				851CB5901C1FF42D00E6C5A4 /* Sources */,
				851CB5911C1FF42D00E6C5A4 /* Frameworks */,
				851CB5921C1FF42D00E6C5A4 /* Resources */,
			);
			buildRules = (
			);
			dependencies = (
			);
			name = TableMove;
			productName = TableMove;
			productReference = 851CB5941C1FF42D00E6C5A4 /* TableMove.app */;
			productType = "com.apple.product-type.application";
		};
/* End PBXNativeTarget section */

/* Begin PBXProject section */
		851CB58C1C1FF42D00E6C5A4 /* Project object */ = {
			isa = PBXProject;
			attributes = {
				LastUpgradeCheck = 0710;
				ORGANIZATIONNAME = redye;
				TargetAttributes = {
					851CB5931C1FF42D00E6C5A4 = {
						CreatedOnToolsVersion = 7.1.1;
					};
				};
			};
			buildConfigurationList = 851CB58F1C1FF42D00E6C5A4 /* Build configuration list for PBXProject "TableMove" */;
			compatibilityVersion = "Xcode 3.2";
			developmentRegion = English;
			hasScannedForEncodings = 0;
			knownRegions = (
				en,
				Base,
			);
			mainGroup = 851CB58B1C1FF42D00E6C5A4;
			productRefGroup = 851CB5951C1FF42D00E6C5A4 /* Products */;
			projectDirPath = "";
			projectRoot = "";
			targets = (
				851CB5931C1FF42D00E6C5A4 /* TableMove */,
			);
		};
/* End PBXProject section */

/* Begin PBXResourcesBuildPhase section */
		851CB5921C1FF42D00E6C5A4 /* Resources */ = {
			isa = PBXResourcesBuildPhase;
			buildActionMask = 2147483647;
			files = (
				850E1D471C20644E002810E3 /* placeholder@2x.png in Resources */,
				851CB5A71C1FF42D00E6C5A4 /* LaunchScreen.storyboard in Resources */,
				851CB5B51C1FF5CA00E6C5A4 /* TableViewCell.xib in Resources */,
				851CB5A41C1FF42D00E6C5A4 /* Assets.xcassets in Resources */,
				851CB5A21C1FF42D00E6C5A4 /* Main.storyboard in Resources */,
			);
			runOnlyForDeploymentPostprocessing = 0;
		};
/* End PBXResourcesBuildPhase section */

/* Begin PBXSourcesBuildPhase section */
		851CB5901C1FF42D00E6C5A4 /* Sources */ = {
			isa = PBXSourcesBuildPhase;
			buildActionMask = 2147483647;
			files = (
				851CB59C1C1FF42D00E6C5A4 /* AppDelegate.m in Sources */,
				851CB5991C1FF42D00E6C5A4 /* main.m in Sources */,
				851CB5B41C1FF5CA00E6C5A4 /* TableViewCell.m in Sources */,
				851CB5B01C1FF44C00E6C5A4 /* TableViewController.m in Sources */,
			);
			runOnlyForDeploymentPostprocessing = 0;
		};
/* End PBXSourcesBuildPhase section */

/* Begin PBXVariantGroup section */
		851CB5A01C1FF42D00E6C5A4 /* Main.storyboard */ = {
			isa = PBXVariantGroup;
			children = (
				851CB5A11C1FF42D00E6C5A4 /* Base */,
			);
			name = Main.storyboard;
			sourceTree = "<group>";
		};
		851CB5A51C1FF42D00E6C5A4 /* LaunchScreen.storyboard */ = {
			isa = PBXVariantGroup;
			children = (
				851CB5A61C1FF42D00E6C5A4 /* Base */,
			);
			name = LaunchScreen.storyboard;
			sourceTree = "<group>";
		};
/* End PBXVariantGroup section */

/* Begin XCBuildConfiguration section */
		851CB5A91C1FF42D00E6C5A4 /* Debug */ = {
			isa = XCBuildConfiguration;
			buildSettings = {
				ALWAYS_SEARCH_USER_PATHS = NO;
				CLANG_CXX_LANGUAGE_STANDARD = "gnu++0x";
				CLANG_CXX_LIBRARY = "libc++";
				CLANG_ENABLE_MODULES = YES;
				CLANG_ENABLE_OBJC_ARC = YES;
				CLANG_WARN_BOOL_CONVERSION = YES;
				CLANG_WARN_CONSTANT_CONVERSION = YES;
				CLANG_WARN_DIRECT_OBJC_ISA_USAGE = YES_ERROR;
				CLANG_WARN_EMPTY_BODY = YES;
				CLANG_WARN_ENUM_CONVERSION = YES;
				CLANG_WARN_INT_CONVERSION = YES;
				CLANG_WARN_OBJC_ROOT_CLASS = YES_ERROR;
				CLANG_WARN_UNREACHABLE_CODE = YES;
				CLANG_WARN__DUPLICATE_METHOD_MATCH = YES;
				"CODE_SIGN_IDENTITY[sdk=iphoneos*]" = "iPhone Developer";
				COPY_PHASE_STRIP = NO;
				DEBUG_INFORMATION_FORMAT = dwarf;
				ENABLE_STRICT_OBJC_MSGSEND = YES;
				ENABLE_TESTABILITY = YES;
				GCC_C_LANGUAGE_STANDARD = gnu99;
				GCC_DYNAMIC_NO_PIC = NO;
				GCC_NO_COMMON_BLOCKS = YES;
				GCC_OPTIMIZATION_LEVEL = 0;
				GCC_PREPROCESSOR_DEFINITIONS = (
					"DEBUG=1",
					"$(inherited)",
				);
				GCC_WARN_64_TO_32_BIT_CONVERSION = YES;
				GCC_WARN_ABOUT_RETURN_TYPE = YES_ERROR;
				GCC_WARN_UNDECLARED_SELECTOR = YES;
				GCC_WARN_UNINITIALIZED_AUTOS = YES_AGGRESSIVE;
				GCC_WARN_UNUSED_FUNCTION = YES;
				GCC_WARN_UNUSED_VARIABLE = YES;
				IPHONEOS_DEPLOYMENT_TARGET = 9.1;
				MTL_ENABLE_DEBUG_INFO = YES;
				ONLY_ACTIVE_ARCH = YES;
				SDKROOT = iphoneos;
			};
			name = Debug;
		};
		851CB5AA1C1FF42D00E6C5A4 /* Release */ = {
			isa = XCBuildConfiguration;
			buildSettings = {
				ALWAYS_SEARCH_USER_PATHS = NO;
				CLANG_CXX_LANGUAGE_STANDARD = "gnu++0x";
				CLANG_CXX_LIBRARY = "libc++";
				CLANG_ENABLE_MODULES = YES;
				CLANG_ENABLE_OBJC_ARC = YES;
				CLANG_WARN_BOOL_CONVERSION = YES;
				CLANG_WARN_CONSTANT_CONVERSION = YES;
				CLANG_WARN_DIRECT_OBJC_ISA_USAGE = YES_ERROR;
				CLANG_WARN_EMPTY_BODY = YES;
				CLANG_WARN_ENUM_CONVERSION = YES;
				CLANG_WARN_INT_CONVERSION = YES;
				CLANG_WARN_OBJC_ROOT_CLASS = YES_ERROR;
				CLANG_WARN_UNREACHABLE_CODE = YES;
				CLANG_WARN__DUPLICATE_METHOD_MATCH = YES;
				"CODE_SIGN_IDENTITY[sdk=iphoneos*]" = "iPhone Developer";
				COPY_PHASE_STRIP = NO;
				DEBUG_INFORMATION_FORMAT = "dwarf-with-dsym";
				ENABLE_NS_ASSERTIONS = NO;
				ENABLE_STRICT_OBJC_MSGSEND = YES;
				GCC_C_LANGUAGE_STANDARD = gnu99;
				GCC_NO_COMMON_BLOCKS = YES;
				GCC_WARN_64_TO_32_BIT_CONVERSION = YES;
				GCC_WARN_ABOUT_RETURN_TYPE = YES_ERROR;
				GCC_WARN_UNDECLARED_SELECTOR = YES;
				GCC_WARN_UNINITIALIZED_AUTOS = YES_AGGRESSIVE;
				GCC_WARN_UNUSED_FUNCTION = YES;
				GCC_WARN_UNUSED_VARIABLE = YES;
				IPHONEOS_DEPLOYMENT_TARGET = 9.1;
				MTL_ENABLE_DEBUG_INFO = NO;
				SDKROOT = iphoneos;
				VALIDATE_PRODUCT = YES;
			};
			name = Release;
		};
		851CB5AC1C1FF42D00E6C5A4 /* Debug */ = {
			isa = XCBuildConfiguration;
			buildSettings = {
				ASSETCATALOG_COMPILER_APPICON_NAME = AppIcon;
				INFOPLIST_FILE = TableMove/Info.plist;
				LD_RUNPATH_SEARCH_PATHS = "$(inherited) @executable_path/Frameworks";
				PRODUCT_BUNDLE_IDENTIFIER = com.apple.TableMove;
				PRODUCT_NAME = "$(TARGET_NAME)";
				TARGETED_DEVICE_FAMILY = "1,2";
			};
			name = Debug;
		};
		851CB5AD1C1FF42D00E6C5A4 /* Release */ = {
			isa = XCBuildConfiguration;
			buildSettings = {
				ASSETCATALOG_COMPILER_APPICON_NAME = AppIcon;
				INFOPLIST_FILE = TableMove/Info.plist;
				LD_RUNPATH_SEARCH_PATHS = "$(inherited) @executable_path/Frameworks";
				PRODUCT_BUNDLE_IDENTIFIER = com.apple.TableMove;
				PRODUCT_NAME = "$(TARGET_NAME)";
				TARGETED_DEVICE_FAMILY = "1,2";
			};
			name = Release;
		};
/* End XCBuildConfiguration section */

/* Begin XCConfigurationList section */
		851CB58F1C1FF42D00E6C5A4 /* Build configuration list for PBXProject "TableMove" */ = {
			isa = XCConfigurationList;
			buildConfigurations = (
				851CB5A91C1FF42D00E6C5A4 /* Debug */,
				851CB5AA1C1FF42D00E6C5A4 /* Release */,
			);
			defaultConfigurationIsVisible = 0;
			defaultConfigurationName = Release;
		};
		851CB5AB1C1FF42D00E6C5A4 /* Build configuration list for PBXNativeTarget "TableMove" */ = {
			isa = XCConfigurationList;
			buildConfigurations = (
				851CB5AC1C1FF42D00E6C5A4 /* Debug */,
				851CB5AD1C1FF42D00E6C5A4 /* Release */,
			);
			defaultConfigurationIsVisible = 0;
			defaultConfigurationName = Release;
		};
/* End XCConfigurationList section */
	};
	rootObject = 851CB58C1C1FF42D00E6C5A4 /* Project object */;
}
